
Microsoft Visual Studio Solution File, Format Version 12.00
# Visual Studio 14
VisualStudioVersion = 14.0.22823.1
MinimumVisualStudioVersion = 10.0.40219.1
Project("{2150E333-8FDC-42A3-9474-1A3956D46DE8}") = "LecznaHub", "LecznaHub", "{C6053BAB-5C8E-445F-BC9F-E000F800CF0F}"
EndProject
Project("{D954291E-2A0B-460D-934E-DC6B0785DB48}") = "LecznaHub.Shared", "LecznaHub\LecznaHub.Shared\LecznaHub.Shared.shproj", "{820B7B44-EEED-461E-9D69-CBAAC9718FF3}"
EndProject
Project("{FAE04EC0-301F-11D3-BF4B-00C04F79EFBC}") = "LecznaHub.Windows", "LecznaHub\LecznaHub.Windows\LecznaHub.Windows.csproj", "{9B42B335-4366-468F-A6BB-5BF17EA50C92}"
EndProject
Project("{FAE04EC0-301F-11D3-BF4B-00C04F79EFBC}") = "LecznaHub.WindowsPhone", "LecznaHub\LecznaHub.WindowsPhone\LecznaHub.WindowsPhone.csproj", "{A6858D66-E3B7-4505-98A1-48752B0F7A8D}"
EndProject
Project("{FAE04EC0-301F-11D3-BF4B-00C04F79EFBC}") = "LecznaHub.Android", "LecznaHub.Android\LecznaHub.Android.csproj", "{68EC6468-C0B1-4EF7-B77E-957D07DD6BC9}"
EndProject
Global
	GlobalSection(SharedMSBuildProjectFiles) = preSolution
		LecznaHub\LecznaHub.Shared\LecznaHub.Shared.projitems*{9b42b335-4366-468f-a6bb-5bf17ea50c92}*SharedItemsImports = 4
		LecznaHub\LecznaHub.Shared\LecznaHub.Shared.projitems*{820b7b44-eeed-461e-9d69-cbaac9718ff3}*SharedItemsImports = 13
		LecznaHub\LecznaHub.Shared\LecznaHub.Shared.projitems*{a6858d66-e3b7-4505-98a1-48752b0f7a8d}*SharedItemsImports = 4
		LecznaHub\LecznaHub.Shared\LecznaHub.Shared.projitems*{68ec6468-c0b1-4ef7-b77e-957d07dd6bc9}*SharedItemsImports = 4
	EndGlobalSection
	GlobalSection(SolutionConfigurationPlatforms) = preSolution
		Debug|Any CPU = Debug|Any CPU
		Debug|ARM = Debug|ARM
		Debug|x64 = Debug|x64
		Debug|x86 = Debug|x86
		Release|Any CPU = Release|Any CPU
		Release|ARM = Release|ARM
		Release|x64 = Release|x64
		Release|x86 = Release|x86
	EndGlobalSection
	GlobalSection(ProjectConfigurationPlatforms) = postSolution
		{9B42B335-4366-468F-A6BB-5BF17EA50C92}.Debug|Any CPU.ActiveCfg = Debug|Any CPU
		{9B42B335-4366-468F-A6BB-5BF17EA50C92}.Debug|Any CPU.Build.0 = Debug|Any CPU
		{9B42B335-4366-468F-A6BB-5BF17EA50C92}.Debug|Any CPU.Deploy.0 = Debug|Any CPU
		{9B42B335-4366-468F-A6BB-5BF17EA50C92}.Debug|ARM.ActiveCfg = Debug|ARM
		{9B42B335-4366-468F-A6BB-5BF17EA50C92}.Debug|ARM.Build.0 = Debug|ARM
		{9B42B335-4366-468F-A6BB-5BF17EA50C92}.Debug|ARM.Deploy.0 = Debug|ARM
		{9B42B335-4366-468F-A6BB-5BF17EA50C92}.Debug|x64.ActiveCfg = Debug|x64
		{9B42B335-4366-468F-A6BB-5BF17EA50C92}.Debug|x64.Build.0 = Debug|x64
		{9B42B335-4366-468F-A6BB-5BF17EA50C92}.Debug|x64.Deploy.0 = Debug|x64
		{9B42B335-4366-468F-A6BB-5BF17EA50C92}.Debug|x86.ActiveCfg = Debug|x86
		{9B42B335-4366-468F-A6BB-5BF17EA50C92}.Debug|x86.Build.0 = Debug|x86
		{9B42B335-4366-468F-A6BB-5BF17EA50C92}.Debug|x86.Deploy.0 = Debug|x86
		{9B42B335-4366-468F-A6BB-5BF17EA50C92}.Release|Any CPU.ActiveCfg = Release|Any CPU
		{9B42B335-4366-468F-A6BB-5BF17EA50C92}.Release|Any CPU.Build.0 = Release|Any CPU
		{9B42B335-4366-468F-A6BB-5BF17EA50C92}.Release|Any CPU.Deploy.0 = Release|Any CPU
		{9B42B335-4366-468F-A6BB-5BF17EA50C92}.Release|ARM.ActiveCfg = Release|ARM
		{9B42B335-4366-468F-A6BB-5BF17EA50C92}.Release|ARM.Build.0 = Release|ARM
		{9B42B335-4366-468F-A6BB-5BF17EA50C92}.Release|ARM.Deploy.0 = Release|ARM
		{9B42B335-4366-468F-A6BB-5BF17EA50C92}.Release|x64.ActiveCfg = Release|x64
		{9B42B335-4366-468F-A6BB-5BF17EA50C92}.Release|x64.Build.0 = Release|x64
		{9B42B335-4366-468F-A6BB-5BF17EA50C92}.Release|x64.Deploy.0 = Release|x64
		{9B42B335-4366-468F-A6BB-5BF17EA50C92}.Release|x86.ActiveCfg = Release|x86
		{9B42B335-4366-468F-A6BB-5BF17EA50C92}.Release|x86.Build.0 = Release|x86
		{9B42B335-4366-468F-A6BB-5BF17EA50C92}.Release|x86.Deploy.0 = Release|x86
		{A6858D66-E3B7-4505-98A1-48752B0F7A8D}.Debug|Any CPU.ActiveCfg = Debug|Any CPU
		{A6858D66-E3B7-4505-98A1-48752B0F7A8D}.Debug|Any CPU.Build.0 = Debug|Any CPU
		{A6858D66-E3B7-4505-98A1-48752B0F7A8D}.Debug|Any CPU.Deploy.0 = Debug|Any CPU
		{A6858D66-E3B7-4505-98A1-48752B0F7A8D}.Debug|ARM.ActiveCfg = Debug|ARM
		{A6858D66-E3B7-4505-98A1-48752B0F7A8D}.Debug|ARM.Build.0 = Debug|ARM
		{A6858D66-E3B7-4505-98A1-48752B0F7A8D}.Debug|ARM.Deploy.0 = Debug|ARM
		{A6858D66-E3B7-4505-98A1-48752B0F7A8D}.Debug|x64.ActiveCfg = Debug|Any CPU
		{A6858D66-E3B7-4505-98A1-48752B0F7A8D}.Debug|x64.Build.0 = Debug|Any CPU
		{A6858D66-E3B7-4505-98A1-48752B0F7A8D}.Debug|x64.Deploy.0 = Debug|Any CPU
		{A6858D66-E3B7-4505-98A1-48752B0F7A8D}.Debug|x86.ActiveCfg = Debug|x86
		{A6858D66-E3B7-4505-98A1-48752B0F7A8D}.Debug|x86.Build.0 = Debug|x86
		{A6858D66-E3B7-4505-98A1-48752B0F7A8D}.Debug|x86.Deploy.0 = Debug|x86
		{A6858D66-E3B7-4505-98A1-48752B0F7A8D}.Release|Any CPU.ActiveCfg = Release|Any CPU
		{A6858D66-E3B7-4505-98A1-48752B0F7A8D}.Release|Any CPU.Build.0 = Release|Any CPU
		{A6858D66-E3B7-4505-98A1-48752B0F7A8D}.Release|Any CPU.Deploy.0 = Release|Any CPU
		{A6858D66-E3B7-4505-98A1-48752B0F7A8D}.Release|ARM.ActiveCfg = Release|ARM
		{A6858D66-E3B7-4505-98A1-48752B0F7A8D}.Release|ARM.Build.0 = Release|ARM
		{A6858D66-E3B7-4505-98A1-48752B0F7A8D}.Release|ARM.Deploy.0 = Release|ARM
		{A6858D66-E3B7-4505-98A1-48752B0F7A8D}.Release|x64.ActiveCfg = Release|Any CPU
		{A6858D66-E3B7-4505-98A1-48752B0F7A8D}.Release|x64.Build.0 = Release|Any CPU
		{A6858D66-E3B7-4505-98A1-48752B0F7A8D}.Release|x64.Deploy.0 = Release|Any CPU
		{A6858D66-E3B7-4505-98A1-48752B0F7A8D}.Release|x86.ActiveCfg = Release|x86
		{A6858D66-E3B7-4505-98A1-48752B0F7A8D}.Release|x86.Build.0 = Release|x86
		{A6858D66-E3B7-4505-98A1-48752B0F7A8D}.Release|x86.Deploy.0 = Release|x86
		{68EC6468-C0B1-4EF7-B77E-957D07DD6BC9}.Debug|Any CPU.ActiveCfg = Debug|Any CPU
		{68EC6468-C0B1-4EF7-B77E-957D07DD6BC9}.Debug|Any CPU.Build.0 = Debug|Any CPU
		{68EC6468-C0B1-4EF7-B77E-957D07DD6BC9}.Debug|Any CPU.Deploy.0 = Debug|Any CPU
		{68EC6468-C0B1-4EF7-B77E-957D07DD6BC9}.Debug|ARM.ActiveCfg = Debug|Any CPU
		{68EC6468-C0B1-4EF7-B77E-957D07DD6BC9}.Debug|ARM.Build.0 = Debug|Any CPU
		{68EC6468-C0B1-4EF7-B77E-957D07DD6BC9}.Debug|ARM.Deploy.0 = Debug|Any CPU
		{68EC6468-C0B1-4EF7-B77E-957D07DD6BC9}.Debug|x64.ActiveCfg = Debug|Any CPU
		{68EC6468-C0B1-4EF7-B77E-957D07DD6BC9}.Debug|x64.Build.0 = Debug|Any CPU
		{68EC6468-C0B1-4EF7-B77E-957D07DD6BC9}.Debug|x64.Deploy.0 = Debug|Any CPU
		{68EC6468-C0B1-4EF7-B77E-957D07DD6BC9}.Debug|x86.ActiveCfg = Debug|Any CPU
		{68EC6468-C0B1-4EF7-B77E-957D07DD6BC9}.Debug|x86.Build.0 = Debug|Any CPU
		{68EC6468-C0B1-4EF7-B77E-957D07DD6BC9}.Debug|x86.Deploy.0 = Debug|Any CPU
		{68EC6468-C0B1-4EF7-B77E-957D07DD6BC9}.Release|Any CPU.ActiveCfg = Release|Any CPU
		{68EC6468-C0B1-4EF7-B77E-957D07DD6BC9}.Release|Any CPU.Build.0 = Release|Any CPU
		{68EC6468-C0B1-4EF7-B77E-957D07DD6BC9}.Release|Any CPU.Deploy.0 = Release|Any CPU
		{68EC6468-C0B1-4EF7-B77E-957D07DD6BC9}.Release|ARM.ActiveCfg = Release|Any CPU
		{68EC6468-C0B1-4EF7-B77E-957D07DD6BC9}.Release|ARM.Build.0 = Release|Any CPU
		{68EC6468-C0B1-4EF7-B77E-957D07DD6BC9}.Release|ARM.Deploy.0 = Release|Any CPU
		{68EC6468-C0B1-4EF7-B77E-957D07DD6BC9}.Release|x64.ActiveCfg = Release|Any CPU
		{68EC6468-C0B1-4EF7-B77E-957D07DD6BC9}.Release|x64.Build.0 = Release|Any CPU
		{68EC6468-C0B1-4EF7-B77E-957D07DD6BC9}.Release|x64.Deploy.0 = Release|Any CPU
		{68EC6468-C0B1-4EF7-B77E-957D07DD6BC9}.Release|x86.ActiveCfg = Release|Any CPU
		{68EC6468-C0B1-4EF7-B77E-957D07DD6BC9}.Release|x86.Build.0 = Release|Any CPU
		{68EC6468-C0B1-4EF7-B77E-957D07DD6BC9}.Release|x86.Deploy.0 = Release|Any CPU
	EndGlobalSection
	GlobalSection(SolutionProperties) = preSolution
		HideSolutionNode = FALSE
	EndGlobalSection
	GlobalSection(NestedProjects) = preSolution
		{820B7B44-EEED-461E-9D69-CBAAC9718FF3} = {C6053BAB-5C8E-445F-BC9F-E000F800CF0F}
		{9B42B335-4366-468F-A6BB-5BF17EA50C92} = {C6053BAB-5C8E-445F-BC9F-E000F800CF0F}
		{A6858D66-E3B7-4505-98A1-48752B0F7A8D} = {C6053BAB-5C8E-445F-BC9F-E000F800CF0F}
	EndGlobalSection
EndGlobal
