
Microsoft Visual Studio Solution File, Format Version 12.00
# Visual Studio 14
VisualStudioVersion = 14.0.22823.1
MinimumVisualStudioVersion = 10.0.40219.1
Project("{FAE04EC0-301F-11D3-BF4B-00C04F79EFBC}") = "LecznaHub.Core", "LecznaHub.Core\LecznaHub.Core.csproj", "{5CFD10D8-04CD-4F8B-B772-758CD21D90AE}"
EndProject
Project("{2150E333-8FDC-42A3-9474-1A3956D46DE8}") = "Windows Platform", "Windows Platform", "{2A8DD4F0-CA39-427E-8BF3-446959549EA9}"
EndProject
Project("{D954291E-2A0B-460D-934E-DC6B0785DB48}") = "LecznaHub.WindowsUniversal", "Windows Platform\LecznaHub.WindowsUniversal\LecznaHub.WindowsUniversal.shproj", "{820B7B44-EEED-461E-9D69-CBAAC9718FF3}"
EndProject
Project("{FAE04EC0-301F-11D3-BF4B-00C04F79EFBC}") = "LecznaHub.WindowsPhone", "Windows Platform\LecznaHub.WindowsPhone\LecznaHub.WindowsPhone.csproj", "{A6858D66-E3B7-4505-98A1-48752B0F7A8D}"
	ProjectSection(ProjectDependencies) = postProject
		{7F5F91A0-A8D6-4BCF-8A13-57734EEF05B1} = {7F5F91A0-A8D6-4BCF-8A13-57734EEF05B1}
	EndProjectSection
EndProject
Project("{FAE04EC0-301F-11D3-BF4B-00C04F79EFBC}") = "LecznaHub.Windows", "Windows Platform\LecznaHub.Windows\LecznaHub.Windows.csproj", "{9B42B335-4366-468F-A6BB-5BF17EA50C92}"
	ProjectSection(ProjectDependencies) = postProject
		{7F5F91A0-A8D6-4BCF-8A13-57734EEF05B1} = {7F5F91A0-A8D6-4BCF-8A13-57734EEF05B1}
	EndProjectSection
EndProject
Project("{FAE04EC0-301F-11D3-BF4B-00C04F79EFBC}") = "LecznaHub.Android", "LecznaHub.Android\LecznaHub.Android.csproj", "{86D49DA4-032A-4F72-A4BE-D1B4E466B641}"
	ProjectSection(ProjectDependencies) = postProject
		{7F5F91A0-A8D6-4BCF-8A13-57734EEF05B1} = {7F5F91A0-A8D6-4BCF-8A13-57734EEF05B1}
	EndProjectSection
EndProject
Project("{FAE04EC0-301F-11D3-BF4B-00C04F79EFBC}") = "LecznaHub.BackgroundTasks", "LecznaHub.BackgroundTasks\LecznaHub.BackgroundTasks.csproj", "{C32D30F6-FA95-4C84-A2F0-298031555D91}"
EndProject
Project("{D954291E-2A0B-460D-934E-DC6B0785DB48}") = "LecznaHub.PlatformSpecific", "LecznaHub.PlatformSpecific\LecznaHub.PlatformSpecific\LecznaHub.PlatformSpecific.shproj", "{4F349E2E-AA0E-4965-8E84-A348AD8A20DC}"
EndProject
Project("{FAE04EC0-301F-11D3-BF4B-00C04F79EFBC}") = "OpenLeczna.DTOs", "OpenLeczna\OpenLeczna.DTOs\OpenLeczna.DTOs.csproj", "{7F5F91A0-A8D6-4BCF-8A13-57734EEF05B1}"
EndProject
Global
	GlobalSection(SharedMSBuildProjectFiles) = preSolution
		Windows Platform\LecznaHub.WindowsUniversal\LecznaHub.Shared.projitems*{9b42b335-4366-468f-a6bb-5bf17ea50c92}*SharedItemsImports = 4
		LecznaHub.PlatformSpecific\LecznaHub.PlatformSpecific\LecznaHub.PlatformSpecific.projitems*{9b42b335-4366-468f-a6bb-5bf17ea50c92}*SharedItemsImports = 4
		Windows Platform\LecznaHub.WindowsUniversal\LecznaHub.Shared.projitems*{820b7b44-eeed-461e-9d69-cbaac9718ff3}*SharedItemsImports = 13
		Windows Platform\LecznaHub.WindowsUniversal\LecznaHub.Shared.projitems*{a6858d66-e3b7-4505-98a1-48752b0f7a8d}*SharedItemsImports = 4
		LecznaHub.PlatformSpecific\LecznaHub.PlatformSpecific\LecznaHub.PlatformSpecific.projitems*{a6858d66-e3b7-4505-98a1-48752b0f7a8d}*SharedItemsImports = 4
		LecznaHub.PlatformSpecific\LecznaHub.PlatformSpecific\LecznaHub.PlatformSpecific.projitems*{4f349e2e-aa0e-4965-8e84-a348ad8a20dc}*SharedItemsImports = 13
		LecznaHub.PlatformSpecific\LecznaHub.PlatformSpecific\LecznaHub.PlatformSpecific.projitems*{86d49da4-032a-4f72-a4be-d1b4e466b641}*SharedItemsImports = 4
	EndGlobalSection
	GlobalSection(SolutionConfigurationPlatforms) = preSolution
		Debug|Any CPU = Debug|Any CPU
		Debug|ARM = Debug|ARM
		Debug|iPhone = Debug|iPhone
		Debug|iPhoneSimulator = Debug|iPhoneSimulator
		Debug|x64 = Debug|x64
		Debug|x86 = Debug|x86
		Release|Any CPU = Release|Any CPU
		Release|ARM = Release|ARM
		Release|iPhone = Release|iPhone
		Release|iPhoneSimulator = Release|iPhoneSimulator
		Release|x64 = Release|x64
		Release|x86 = Release|x86
	EndGlobalSection
	GlobalSection(ProjectConfigurationPlatforms) = postSolution
		{5CFD10D8-04CD-4F8B-B772-758CD21D90AE}.Debug|Any CPU.ActiveCfg = Debug|Any CPU
		{5CFD10D8-04CD-4F8B-B772-758CD21D90AE}.Debug|Any CPU.Build.0 = Debug|Any CPU
		{5CFD10D8-04CD-4F8B-B772-758CD21D90AE}.Debug|ARM.ActiveCfg = Debug|Any CPU
		{5CFD10D8-04CD-4F8B-B772-758CD21D90AE}.Debug|ARM.Build.0 = Debug|Any CPU
		{5CFD10D8-04CD-4F8B-B772-758CD21D90AE}.Debug|iPhone.ActiveCfg = Debug|Any CPU
		{5CFD10D8-04CD-4F8B-B772-758CD21D90AE}.Debug|iPhone.Build.0 = Debug|Any CPU
		{5CFD10D8-04CD-4F8B-B772-758CD21D90AE}.Debug|iPhoneSimulator.ActiveCfg = Debug|Any CPU
		{5CFD10D8-04CD-4F8B-B772-758CD21D90AE}.Debug|iPhoneSimulator.Build.0 = Debug|Any CPU
		{5CFD10D8-04CD-4F8B-B772-758CD21D90AE}.Debug|x64.ActiveCfg = Debug|Any CPU
		{5CFD10D8-04CD-4F8B-B772-758CD21D90AE}.Debug|x64.Build.0 = Debug|Any CPU
		{5CFD10D8-04CD-4F8B-B772-758CD21D90AE}.Debug|x86.ActiveCfg = Debug|Any CPU
		{5CFD10D8-04CD-4F8B-B772-758CD21D90AE}.Debug|x86.Build.0 = Debug|Any CPU
		{5CFD10D8-04CD-4F8B-B772-758CD21D90AE}.Release|Any CPU.ActiveCfg = Release|Any CPU
		{5CFD10D8-04CD-4F8B-B772-758CD21D90AE}.Release|Any CPU.Build.0 = Release|Any CPU
		{5CFD10D8-04CD-4F8B-B772-758CD21D90AE}.Release|ARM.ActiveCfg = Release|Any CPU
		{5CFD10D8-04CD-4F8B-B772-758CD21D90AE}.Release|ARM.Build.0 = Release|Any CPU
		{5CFD10D8-04CD-4F8B-B772-758CD21D90AE}.Release|iPhone.ActiveCfg = Release|Any CPU
		{5CFD10D8-04CD-4F8B-B772-758CD21D90AE}.Release|iPhone.Build.0 = Release|Any CPU
		{5CFD10D8-04CD-4F8B-B772-758CD21D90AE}.Release|iPhoneSimulator.ActiveCfg = Release|Any CPU
		{5CFD10D8-04CD-4F8B-B772-758CD21D90AE}.Release|iPhoneSimulator.Build.0 = Release|Any CPU
		{5CFD10D8-04CD-4F8B-B772-758CD21D90AE}.Release|x64.ActiveCfg = Release|Any CPU
		{5CFD10D8-04CD-4F8B-B772-758CD21D90AE}.Release|x64.Build.0 = Release|Any CPU
		{5CFD10D8-04CD-4F8B-B772-758CD21D90AE}.Release|x86.ActiveCfg = Release|Any CPU
		{5CFD10D8-04CD-4F8B-B772-758CD21D90AE}.Release|x86.Build.0 = Release|Any CPU
		{A6858D66-E3B7-4505-98A1-48752B0F7A8D}.Debug|Any CPU.ActiveCfg = Debug|Any CPU
		{A6858D66-E3B7-4505-98A1-48752B0F7A8D}.Debug|Any CPU.Build.0 = Debug|Any CPU
		{A6858D66-E3B7-4505-98A1-48752B0F7A8D}.Debug|Any CPU.Deploy.0 = Debug|Any CPU
		{A6858D66-E3B7-4505-98A1-48752B0F7A8D}.Debug|ARM.ActiveCfg = Debug|ARM
		{A6858D66-E3B7-4505-98A1-48752B0F7A8D}.Debug|ARM.Build.0 = Debug|ARM
		{A6858D66-E3B7-4505-98A1-48752B0F7A8D}.Debug|ARM.Deploy.0 = Debug|ARM
		{A6858D66-E3B7-4505-98A1-48752B0F7A8D}.Debug|iPhone.ActiveCfg = Debug|Any CPU
		{A6858D66-E3B7-4505-98A1-48752B0F7A8D}.Debug|iPhone.Build.0 = Debug|Any CPU
		{A6858D66-E3B7-4505-98A1-48752B0F7A8D}.Debug|iPhone.Deploy.0 = Debug|Any CPU
		{A6858D66-E3B7-4505-98A1-48752B0F7A8D}.Debug|iPhoneSimulator.ActiveCfg = Debug|Any CPU
		{A6858D66-E3B7-4505-98A1-48752B0F7A8D}.Debug|iPhoneSimulator.Build.0 = Debug|Any CPU
		{A6858D66-E3B7-4505-98A1-48752B0F7A8D}.Debug|iPhoneSimulator.Deploy.0 = Debug|Any CPU
		{A6858D66-E3B7-4505-98A1-48752B0F7A8D}.Debug|x64.ActiveCfg = Debug|Any CPU
		{A6858D66-E3B7-4505-98A1-48752B0F7A8D}.Debug|x64.Build.0 = Debug|Any CPU
		{A6858D66-E3B7-4505-98A1-48752B0F7A8D}.Debug|x64.Deploy.0 = Debug|Any CPU
		{A6858D66-E3B7-4505-98A1-48752B0F7A8D}.Debug|x86.ActiveCfg = Debug|x86
		{A6858D66-E3B7-4505-98A1-48752B0F7A8D}.Debug|x86.Build.0 = Debug|x86
		{A6858D66-E3B7-4505-98A1-48752B0F7A8D}.Debug|x86.Deploy.0 = Debug|x86
		{A6858D66-E3B7-4505-98A1-48752B0F7A8D}.Release|Any CPU.ActiveCfg = Release|Any CPU
		{A6858D66-E3B7-4505-98A1-48752B0F7A8D}.Release|Any CPU.Build.0 = Release|Any CPU
		{A6858D66-E3B7-4505-98A1-48752B0F7A8D}.Release|Any CPU.Deploy.0 = Release|Any CPU
		{A6858D66-E3B7-4505-98A1-48752B0F7A8D}.Release|ARM.ActiveCfg = Release|ARM
		{A6858D66-E3B7-4505-98A1-48752B0F7A8D}.Release|ARM.Build.0 = Release|ARM
		{A6858D66-E3B7-4505-98A1-48752B0F7A8D}.Release|ARM.Deploy.0 = Release|ARM
		{A6858D66-E3B7-4505-98A1-48752B0F7A8D}.Release|iPhone.ActiveCfg = Release|Any CPU
		{A6858D66-E3B7-4505-98A1-48752B0F7A8D}.Release|iPhone.Build.0 = Release|Any CPU
		{A6858D66-E3B7-4505-98A1-48752B0F7A8D}.Release|iPhone.Deploy.0 = Release|Any CPU
		{A6858D66-E3B7-4505-98A1-48752B0F7A8D}.Release|iPhoneSimulator.ActiveCfg = Release|Any CPU
		{A6858D66-E3B7-4505-98A1-48752B0F7A8D}.Release|iPhoneSimulator.Build.0 = Release|Any CPU
		{A6858D66-E3B7-4505-98A1-48752B0F7A8D}.Release|iPhoneSimulator.Deploy.0 = Release|Any CPU
		{A6858D66-E3B7-4505-98A1-48752B0F7A8D}.Release|x64.ActiveCfg = Release|Any CPU
		{A6858D66-E3B7-4505-98A1-48752B0F7A8D}.Release|x64.Build.0 = Release|Any CPU
		{A6858D66-E3B7-4505-98A1-48752B0F7A8D}.Release|x64.Deploy.0 = Release|Any CPU
		{A6858D66-E3B7-4505-98A1-48752B0F7A8D}.Release|x86.ActiveCfg = Release|x86
		{A6858D66-E3B7-4505-98A1-48752B0F7A8D}.Release|x86.Build.0 = Release|x86
		{A6858D66-E3B7-4505-98A1-48752B0F7A8D}.Release|x86.Deploy.0 = Release|x86
		{9B42B335-4366-468F-A6BB-5BF17EA50C92}.Debug|Any CPU.ActiveCfg = Debug|Any CPU
		{9B42B335-4366-468F-A6BB-5BF17EA50C92}.Debug|Any CPU.Build.0 = Debug|Any CPU
		{9B42B335-4366-468F-A6BB-5BF17EA50C92}.Debug|Any CPU.Deploy.0 = Debug|Any CPU
		{9B42B335-4366-468F-A6BB-5BF17EA50C92}.Debug|ARM.ActiveCfg = Debug|ARM
		{9B42B335-4366-468F-A6BB-5BF17EA50C92}.Debug|ARM.Build.0 = Debug|ARM
		{9B42B335-4366-468F-A6BB-5BF17EA50C92}.Debug|ARM.Deploy.0 = Debug|ARM
		{9B42B335-4366-468F-A6BB-5BF17EA50C92}.Debug|iPhone.ActiveCfg = Debug|Any CPU
		{9B42B335-4366-468F-A6BB-5BF17EA50C92}.Debug|iPhone.Build.0 = Debug|Any CPU
		{9B42B335-4366-468F-A6BB-5BF17EA50C92}.Debug|iPhone.Deploy.0 = Debug|Any CPU
		{9B42B335-4366-468F-A6BB-5BF17EA50C92}.Debug|iPhoneSimulator.ActiveCfg = Debug|Any CPU
		{9B42B335-4366-468F-A6BB-5BF17EA50C92}.Debug|iPhoneSimulator.Build.0 = Debug|Any CPU
		{9B42B335-4366-468F-A6BB-5BF17EA50C92}.Debug|iPhoneSimulator.Deploy.0 = Debug|Any CPU
		{9B42B335-4366-468F-A6BB-5BF17EA50C92}.Debug|x64.ActiveCfg = Debug|x64
		{9B42B335-4366-468F-A6BB-5BF17EA50C92}.Debug|x64.Build.0 = Debug|x64
		{9B42B335-4366-468F-A6BB-5BF17EA50C92}.Debug|x64.Deploy.0 = Debug|x64
		{9B42B335-4366-468F-A6BB-5BF17EA50C92}.Debug|x86.ActiveCfg = Debug|x86
		{9B42B335-4366-468F-A6BB-5BF17EA50C92}.Debug|x86.Build.0 = Debug|x86
		{9B42B335-4366-468F-A6BB-5BF17EA50C92}.Debug|x86.Deploy.0 = Debug|x86
		{9B42B335-4366-468F-A6BB-5BF17EA50C92}.Release|Any CPU.ActiveCfg = Release|Any CPU
		{9B42B335-4366-468F-A6BB-5BF17EA50C92}.Release|Any CPU.Build.0 = Release|Any CPU
		{9B42B335-4366-468F-A6BB-5BF17EA50C92}.Release|Any CPU.Deploy.0 = Release|Any CPU
		{9B42B335-4366-468F-A6BB-5BF17EA50C92}.Release|ARM.ActiveCfg = Release|ARM
		{9B42B335-4366-468F-A6BB-5BF17EA50C92}.Release|ARM.Build.0 = Release|ARM
		{9B42B335-4366-468F-A6BB-5BF17EA50C92}.Release|ARM.Deploy.0 = Release|ARM
		{9B42B335-4366-468F-A6BB-5BF17EA50C92}.Release|iPhone.ActiveCfg = Release|Any CPU
		{9B42B335-4366-468F-A6BB-5BF17EA50C92}.Release|iPhone.Build.0 = Release|Any CPU
		{9B42B335-4366-468F-A6BB-5BF17EA50C92}.Release|iPhone.Deploy.0 = Release|Any CPU
		{9B42B335-4366-468F-A6BB-5BF17EA50C92}.Release|iPhoneSimulator.ActiveCfg = Release|Any CPU
		{9B42B335-4366-468F-A6BB-5BF17EA50C92}.Release|iPhoneSimulator.Build.0 = Release|Any CPU
		{9B42B335-4366-468F-A6BB-5BF17EA50C92}.Release|iPhoneSimulator.Deploy.0 = Release|Any CPU
		{9B42B335-4366-468F-A6BB-5BF17EA50C92}.Release|x64.ActiveCfg = Release|x64
		{9B42B335-4366-468F-A6BB-5BF17EA50C92}.Release|x64.Build.0 = Release|x64
		{9B42B335-4366-468F-A6BB-5BF17EA50C92}.Release|x64.Deploy.0 = Release|x64
		{9B42B335-4366-468F-A6BB-5BF17EA50C92}.Release|x86.ActiveCfg = Release|x86
		{9B42B335-4366-468F-A6BB-5BF17EA50C92}.Release|x86.Build.0 = Release|x86
		{9B42B335-4366-468F-A6BB-5BF17EA50C92}.Release|x86.Deploy.0 = Release|x86
		{86D49DA4-032A-4F72-A4BE-D1B4E466B641}.Debug|Any CPU.ActiveCfg = Debug|Any CPU
		{86D49DA4-032A-4F72-A4BE-D1B4E466B641}.Debug|Any CPU.Build.0 = Debug|Any CPU
		{86D49DA4-032A-4F72-A4BE-D1B4E466B641}.Debug|Any CPU.Deploy.0 = Debug|Any CPU
		{86D49DA4-032A-4F72-A4BE-D1B4E466B641}.Debug|ARM.ActiveCfg = Debug|Any CPU
		{86D49DA4-032A-4F72-A4BE-D1B4E466B641}.Debug|ARM.Build.0 = Debug|Any CPU
		{86D49DA4-032A-4F72-A4BE-D1B4E466B641}.Debug|ARM.Deploy.0 = Debug|Any CPU
		{86D49DA4-032A-4F72-A4BE-D1B4E466B641}.Debug|iPhone.ActiveCfg = Debug|Any CPU
		{86D49DA4-032A-4F72-A4BE-D1B4E466B641}.Debug|iPhone.Build.0 = Debug|Any CPU
		{86D49DA4-032A-4F72-A4BE-D1B4E466B641}.Debug|iPhone.Deploy.0 = Debug|Any CPU
		{86D49DA4-032A-4F72-A4BE-D1B4E466B641}.Debug|iPhoneSimulator.ActiveCfg = Debug|Any CPU
		{86D49DA4-032A-4F72-A4BE-D1B4E466B641}.Debug|iPhoneSimulator.Build.0 = Debug|Any CPU
		{86D49DA4-032A-4F72-A4BE-D1B4E466B641}.Debug|iPhoneSimulator.Deploy.0 = Debug|Any CPU
		{86D49DA4-032A-4F72-A4BE-D1B4E466B641}.Debug|x64.ActiveCfg = Debug|Any CPU
		{86D49DA4-032A-4F72-A4BE-D1B4E466B641}.Debug|x64.Build.0 = Debug|Any CPU
		{86D49DA4-032A-4F72-A4BE-D1B4E466B641}.Debug|x64.Deploy.0 = Debug|Any CPU
		{86D49DA4-032A-4F72-A4BE-D1B4E466B641}.Debug|x86.ActiveCfg = Debug|Any CPU
		{86D49DA4-032A-4F72-A4BE-D1B4E466B641}.Debug|x86.Build.0 = Debug|Any CPU
		{86D49DA4-032A-4F72-A4BE-D1B4E466B641}.Debug|x86.Deploy.0 = Debug|Any CPU
		{86D49DA4-032A-4F72-A4BE-D1B4E466B641}.Release|Any CPU.ActiveCfg = Release|Any CPU
		{86D49DA4-032A-4F72-A4BE-D1B4E466B641}.Release|Any CPU.Build.0 = Release|Any CPU
		{86D49DA4-032A-4F72-A4BE-D1B4E466B641}.Release|Any CPU.Deploy.0 = Release|Any CPU
		{86D49DA4-032A-4F72-A4BE-D1B4E466B641}.Release|ARM.ActiveCfg = Release|Any CPU
		{86D49DA4-032A-4F72-A4BE-D1B4E466B641}.Release|ARM.Build.0 = Release|Any CPU
		{86D49DA4-032A-4F72-A4BE-D1B4E466B641}.Release|ARM.Deploy.0 = Release|Any CPU
		{86D49DA4-032A-4F72-A4BE-D1B4E466B641}.Release|iPhone.ActiveCfg = Release|Any CPU
		{86D49DA4-032A-4F72-A4BE-D1B4E466B641}.Release|iPhone.Build.0 = Release|Any CPU
		{86D49DA4-032A-4F72-A4BE-D1B4E466B641}.Release|iPhone.Deploy.0 = Release|Any CPU
		{86D49DA4-032A-4F72-A4BE-D1B4E466B641}.Release|iPhoneSimulator.ActiveCfg = Release|Any CPU
		{86D49DA4-032A-4F72-A4BE-D1B4E466B641}.Release|iPhoneSimulator.Build.0 = Release|Any CPU
		{86D49DA4-032A-4F72-A4BE-D1B4E466B641}.Release|iPhoneSimulator.Deploy.0 = Release|Any CPU
		{86D49DA4-032A-4F72-A4BE-D1B4E466B641}.Release|x64.ActiveCfg = Release|Any CPU
		{86D49DA4-032A-4F72-A4BE-D1B4E466B641}.Release|x64.Build.0 = Release|Any CPU
		{86D49DA4-032A-4F72-A4BE-D1B4E466B641}.Release|x64.Deploy.0 = Release|Any CPU
		{86D49DA4-032A-4F72-A4BE-D1B4E466B641}.Release|x86.ActiveCfg = Release|Any CPU
		{86D49DA4-032A-4F72-A4BE-D1B4E466B641}.Release|x86.Build.0 = Release|Any CPU
		{86D49DA4-032A-4F72-A4BE-D1B4E466B641}.Release|x86.Deploy.0 = Release|Any CPU
		{C32D30F6-FA95-4C84-A2F0-298031555D91}.Debug|Any CPU.ActiveCfg = Debug|Any CPU
		{C32D30F6-FA95-4C84-A2F0-298031555D91}.Debug|Any CPU.Build.0 = Debug|Any CPU
		{C32D30F6-FA95-4C84-A2F0-298031555D91}.Debug|ARM.ActiveCfg = Debug|Any CPU
		{C32D30F6-FA95-4C84-A2F0-298031555D91}.Debug|ARM.Build.0 = Debug|Any CPU
		{C32D30F6-FA95-4C84-A2F0-298031555D91}.Debug|iPhone.ActiveCfg = Debug|Any CPU
		{C32D30F6-FA95-4C84-A2F0-298031555D91}.Debug|iPhone.Build.0 = Debug|Any CPU
		{C32D30F6-FA95-4C84-A2F0-298031555D91}.Debug|iPhoneSimulator.ActiveCfg = Debug|Any CPU
		{C32D30F6-FA95-4C84-A2F0-298031555D91}.Debug|iPhoneSimulator.Build.0 = Debug|Any CPU
		{C32D30F6-FA95-4C84-A2F0-298031555D91}.Debug|x64.ActiveCfg = Debug|Any CPU
		{C32D30F6-FA95-4C84-A2F0-298031555D91}.Debug|x64.Build.0 = Debug|Any CPU
		{C32D30F6-FA95-4C84-A2F0-298031555D91}.Debug|x86.ActiveCfg = Debug|Any CPU
		{C32D30F6-FA95-4C84-A2F0-298031555D91}.Debug|x86.Build.0 = Debug|Any CPU
		{C32D30F6-FA95-4C84-A2F0-298031555D91}.Release|Any CPU.ActiveCfg = Release|Any CPU
		{C32D30F6-FA95-4C84-A2F0-298031555D91}.Release|Any CPU.Build.0 = Release|Any CPU
		{C32D30F6-FA95-4C84-A2F0-298031555D91}.Release|ARM.ActiveCfg = Release|Any CPU
		{C32D30F6-FA95-4C84-A2F0-298031555D91}.Release|ARM.Build.0 = Release|Any CPU
		{C32D30F6-FA95-4C84-A2F0-298031555D91}.Release|iPhone.ActiveCfg = Release|Any CPU
		{C32D30F6-FA95-4C84-A2F0-298031555D91}.Release|iPhone.Build.0 = Release|Any CPU
		{C32D30F6-FA95-4C84-A2F0-298031555D91}.Release|iPhoneSimulator.ActiveCfg = Release|Any CPU
		{C32D30F6-FA95-4C84-A2F0-298031555D91}.Release|iPhoneSimulator.Build.0 = Release|Any CPU
		{C32D30F6-FA95-4C84-A2F0-298031555D91}.Release|x64.ActiveCfg = Release|Any CPU
		{C32D30F6-FA95-4C84-A2F0-298031555D91}.Release|x64.Build.0 = Release|Any CPU
		{C32D30F6-FA95-4C84-A2F0-298031555D91}.Release|x86.ActiveCfg = Release|Any CPU
		{C32D30F6-FA95-4C84-A2F0-298031555D91}.Release|x86.Build.0 = Release|Any CPU
		{7F5F91A0-A8D6-4BCF-8A13-57734EEF05B1}.Debug|Any CPU.ActiveCfg = Debug|Any CPU
		{7F5F91A0-A8D6-4BCF-8A13-57734EEF05B1}.Debug|Any CPU.Build.0 = Debug|Any CPU
		{7F5F91A0-A8D6-4BCF-8A13-57734EEF05B1}.Debug|ARM.ActiveCfg = Debug|Any CPU
		{7F5F91A0-A8D6-4BCF-8A13-57734EEF05B1}.Debug|ARM.Build.0 = Debug|Any CPU
		{7F5F91A0-A8D6-4BCF-8A13-57734EEF05B1}.Debug|iPhone.ActiveCfg = Debug|Any CPU
		{7F5F91A0-A8D6-4BCF-8A13-57734EEF05B1}.Debug|iPhone.Build.0 = Debug|Any CPU
		{7F5F91A0-A8D6-4BCF-8A13-57734EEF05B1}.Debug|iPhoneSimulator.ActiveCfg = Debug|Any CPU
		{7F5F91A0-A8D6-4BCF-8A13-57734EEF05B1}.Debug|iPhoneSimulator.Build.0 = Debug|Any CPU
		{7F5F91A0-A8D6-4BCF-8A13-57734EEF05B1}.Debug|x64.ActiveCfg = Debug|Any CPU
		{7F5F91A0-A8D6-4BCF-8A13-57734EEF05B1}.Debug|x64.Build.0 = Debug|Any CPU
		{7F5F91A0-A8D6-4BCF-8A13-57734EEF05B1}.Debug|x86.ActiveCfg = Debug|Any CPU
		{7F5F91A0-A8D6-4BCF-8A13-57734EEF05B1}.Debug|x86.Build.0 = Debug|Any CPU
		{7F5F91A0-A8D6-4BCF-8A13-57734EEF05B1}.Release|Any CPU.ActiveCfg = Release|Any CPU
		{7F5F91A0-A8D6-4BCF-8A13-57734EEF05B1}.Release|Any CPU.Build.0 = Release|Any CPU
		{7F5F91A0-A8D6-4BCF-8A13-57734EEF05B1}.Release|ARM.ActiveCfg = Release|Any CPU
		{7F5F91A0-A8D6-4BCF-8A13-57734EEF05B1}.Release|ARM.Build.0 = Release|Any CPU
		{7F5F91A0-A8D6-4BCF-8A13-57734EEF05B1}.Release|iPhone.ActiveCfg = Release|Any CPU
		{7F5F91A0-A8D6-4BCF-8A13-57734EEF05B1}.Release|iPhone.Build.0 = Release|Any CPU
		{7F5F91A0-A8D6-4BCF-8A13-57734EEF05B1}.Release|iPhoneSimulator.ActiveCfg = Release|Any CPU
		{7F5F91A0-A8D6-4BCF-8A13-57734EEF05B1}.Release|iPhoneSimulator.Build.0 = Release|Any CPU
		{7F5F91A0-A8D6-4BCF-8A13-57734EEF05B1}.Release|x64.ActiveCfg = Release|Any CPU
		{7F5F91A0-A8D6-4BCF-8A13-57734EEF05B1}.Release|x64.Build.0 = Release|Any CPU
		{7F5F91A0-A8D6-4BCF-8A13-57734EEF05B1}.Release|x86.ActiveCfg = Release|Any CPU
		{7F5F91A0-A8D6-4BCF-8A13-57734EEF05B1}.Release|x86.Build.0 = Release|Any CPU
	EndGlobalSection
	GlobalSection(SolutionProperties) = preSolution
		HideSolutionNode = FALSE
	EndGlobalSection
	GlobalSection(NestedProjects) = preSolution
		{820B7B44-EEED-461E-9D69-CBAAC9718FF3} = {2A8DD4F0-CA39-427E-8BF3-446959549EA9}
		{A6858D66-E3B7-4505-98A1-48752B0F7A8D} = {2A8DD4F0-CA39-427E-8BF3-446959549EA9}
		{9B42B335-4366-468F-A6BB-5BF17EA50C92} = {2A8DD4F0-CA39-427E-8BF3-446959549EA9}
		{C32D30F6-FA95-4C84-A2F0-298031555D91} = {2A8DD4F0-CA39-427E-8BF3-446959549EA9}
	EndGlobalSection
EndGlobal
